// !$*UTF8*$!
{
	archiveVersion = 1;
	classes = {
	};
	objectVersion = 77;
	objects = {

/* Begin PBXBuildFile section */
		19FB6AF81E5CE58F2B7027B2 /* MenuBarView.swift in Sources */ = {isa = PBXBuildFile; fileRef = 7B898338034B769CAAC01018 /* MenuBarView.swift */; };
		214BFADAD5A98DE52D2543C8 /* AzPinTests.swift in Sources */ = {isa = PBXBuildFile; fileRef = 22A8ED60A6214713CEDB9487 /* AzPinTests.swift */; };
		3BA43D87D2505A0A399E0110 /* PortalURL.swift in Sources */ = {isa = PBXBuildFile; fileRef = 6731858DD1D32E08A77EAE95 /* PortalURL.swift */; };
		40B9DAC5AB2675FE0C5B2BDB /* ResourceTypeMapperTests.swift in Sources */ = {isa = PBXBuildFile; fileRef = C2508E5F1A6E181D1994D255 /* ResourceTypeMapperTests.swift */; };
		4E78A725509BF848C35F7854 /* ResourceGroupMenuItem.swift in Sources */ = {isa = PBXBuildFile; fileRef = E8F3ADAB904438A648F7311D /* ResourceGroupMenuItem.swift */; };
		4EBD72040775552FF96AAB70 /* PinnedResource.swift in Sources */ = {isa = PBXBuildFile; fileRef = A6DC583ACFCA01D8BCDA18A5 /* PinnedResource.swift */; };
		4ECEBF54131A5E9FE1814A77 /* BrowseView.swift in Sources */ = {isa = PBXBuildFile; fileRef = 95A17A927064412FE45FD659 /* BrowseView.swift */; };
		53A393D9DA775938DD6761C4 /* TokenCache.swift in Sources */ = {isa = PBXBuildFile; fileRef = 088B66AD957350D17525104B /* TokenCache.swift */; };
		667268007D262D627D8FAA09 /* PortalURLTests.swift in Sources */ = {isa = PBXBuildFile; fileRef = 2D510F100EBE50A6555BDAF0 /* PortalURLTests.swift */; };
		6743B79458E5306AD2AD8AC0 /* PermissionsService.swift in Sources */ = {isa = PBXBuildFile; fileRef = BF26866B352453B4921139C9 /* PermissionsService.swift */; };
		78BF936822630ECC02850DC9 /* Assets.xcassets in Resources */ = {isa = PBXBuildFile; fileRef = AD5D9A244C8BAC2ACF211C44 /* Assets.xcassets */; };
		885D4709D2990C1AF8B86D2E /* ResourceMenuItem.swift in Sources */ = {isa = PBXBuildFile; fileRef = 0FC71831934A6512DDC1D504 /* ResourceMenuItem.swift */; };
		89CF8F2CF4F4E9E5B2B50702 /* SidebarView.swift in Sources */ = {isa = PBXBuildFile; fileRef = 30D6C928D2BD078E157F483E /* SidebarView.swift */; };
		8DC948C831AF1A749F97E639 /* AzCLIService.swift in Sources */ = {isa = PBXBuildFile; fileRef = 058BC49418DF8FB7AE66C712 /* AzCLIService.swift */; };
		9157C2FF1876D43D747F723B /* MockAzCLIService.swift in Sources */ = {isa = PBXBuildFile; fileRef = 0A896F79541BFB0543F4C266 /* MockAzCLIService.swift */; };
		9675ECBE1F2FFE0D8A78D45D /* AzPinApp.swift in Sources */ = {isa = PBXBuildFile; fileRef = 225F8CD2530C2C29C776A7DE /* AzPinApp.swift */; };
		9C8A13FC10D9B28B82CE8999 /* AzureResource.swift in Sources */ = {isa = PBXBuildFile; fileRef = BDCEC25B9DA17F6F880C12FE /* AzureResource.swift */; };
		A04872A8517A8D7BA4B2D483 /* TokenCacheTests.swift in Sources */ = {isa = PBXBuildFile; fileRef = 0D61F0AC53A68747C4CEEB9F /* TokenCacheTests.swift */; };
		AAE055A87A8056B36960A004 /* ShellRunner.swift in Sources */ = {isa = PBXBuildFile; fileRef = 5D08408A31A6E3A6FE1E47B4 /* ShellRunner.swift */; };
		AB24E4A399E436260BD3EEC8 /* MainAppView.swift in Sources */ = {isa = PBXBuildFile; fileRef = 8DA3CB5A9CA3007EE68D384C /* MainAppView.swift */; };
		AFDC16758EEEF76C3B3086F0 /* AuthStatusView.swift in Sources */ = {isa = PBXBuildFile; fileRef = 26EFC1364B9438E2377C1804 /* AuthStatusView.swift */; };
		B9D1E168B195A6EA0524BE04 /* ARMService.swift in Sources */ = {isa = PBXBuildFile; fileRef = 6854D13A0CE8AD0D484EF09A /* ARMService.swift */; };
		DCE2DA265B6E84CDF09655F6 /* PinnedResourcesView.swift in Sources */ = {isa = PBXBuildFile; fileRef = 024B95E760522247E58D8861 /* PinnedResourcesView.swift */; };
		E364F498D203021BBC0B8605 /* MockARMService.swift in Sources */ = {isa = PBXBuildFile; fileRef = B649902B6FD5BABE9801644B /* MockARMService.swift */; };
		E3FDC31D7D210F7CF321EE3E /* PermissionsServiceTests.swift in Sources */ = {isa = PBXBuildFile; fileRef = 2BA295AF6DE33B0A7D091A90 /* PermissionsServiceTests.swift */; };
		E5F7184F1CC8ECB7DAFB3DD1 /* MockPermissionsService.swift in Sources */ = {isa = PBXBuildFile; fileRef = BCEC3AEAEE4E9B53F11E03BB /* MockPermissionsService.swift */; };
		ED3C1CCF3B66FD3F2ACD5834 /* PinnedResourceGroup.swift in Sources */ = {isa = PBXBuildFile; fileRef = 5C6C326753BA4F59896FC3F0 /* PinnedResourceGroup.swift */; };
		ED92C557C42724A321EBF964 /* ResourceTypeMapper.swift in Sources */ = {isa = PBXBuildFile; fileRef = 4A475B3D5B517FA5B8694583 /* ResourceTypeMapper.swift */; };
		F07B5C236F2BA26B5967AF17 /* CachedToken.swift in Sources */ = {isa = PBXBuildFile; fileRef = 50F61BC016078C182FF51F9E /* CachedToken.swift */; };
		F1F3D6AE5F5419F03ED657E6 /* DetailView.swift in Sources */ = {isa = PBXBuildFile; fileRef = 81F848932D8993F17C471DD4 /* DetailView.swift */; };
		FBB406BC6A7823B4DE7AF4F3 /* SettingsView.swift in Sources */ = {isa = PBXBuildFile; fileRef = 9A8D86AEFEE3AE945152DBA0 /* SettingsView.swift */; };
		FE73A19C0AC1AF4252182242 /* MockTokenCache.swift in Sources */ = {isa = PBXBuildFile; fileRef = AC626AEC6A0AA2FFCF35A702 /* MockTokenCache.swift */; };
/* End PBXBuildFile section */

/* Begin PBXContainerItemProxy section */
		6C88497CFDEFC08EB61E2E3D /* PBXContainerItemProxy */ = {
			isa = PBXContainerItemProxy;
			containerPortal = 2B5246F5263A0A351E06DBEF /* Project object */;
			proxyType = 1;
			remoteGlobalIDString = A313D17704F7EB78D4FAA572;
			remoteInfo = AzPin;
		};
/* End PBXContainerItemProxy section */

/* Begin PBXFileReference section */
		024B95E760522247E58D8861 /* PinnedResourcesView.swift */ = {isa = PBXFileReference; lastKnownFileType = sourcecode.swift; path = PinnedResourcesView.swift; sourceTree = "<group>"; };
		058BC49418DF8FB7AE66C712 /* AzCLIService.swift */ = {isa = PBXFileReference; lastKnownFileType = sourcecode.swift; path = AzCLIService.swift; sourceTree = "<group>"; };
		088B66AD957350D17525104B /* TokenCache.swift */ = {isa = PBXFileReference; lastKnownFileType = sourcecode.swift; path = TokenCache.swift; sourceTree = "<group>"; };
		0A896F79541BFB0543F4C266 /* MockAzCLIService.swift */ = {isa = PBXFileReference; lastKnownFileType = sourcecode.swift; path = MockAzCLIService.swift; sourceTree = "<group>"; };
		0D61F0AC53A68747C4CEEB9F /* TokenCacheTests.swift */ = {isa = PBXFileReference; lastKnownFileType = sourcecode.swift; path = TokenCacheTests.swift; sourceTree = "<group>"; };
		0FC71831934A6512DDC1D504 /* ResourceMenuItem.swift */ = {isa = PBXFileReference; lastKnownFileType = sourcecode.swift; path = ResourceMenuItem.swift; sourceTree = "<group>"; };
		225F8CD2530C2C29C776A7DE /* AzPinApp.swift */ = {isa = PBXFileReference; lastKnownFileType = sourcecode.swift; path = AzPinApp.swift; sourceTree = "<group>"; };
		22A8ED60A6214713CEDB9487 /* AzPinTests.swift */ = {isa = PBXFileReference; lastKnownFileType = sourcecode.swift; path = AzPinTests.swift; sourceTree = "<group>"; };
		26EFC1364B9438E2377C1804 /* AuthStatusView.swift */ = {isa = PBXFileReference; lastKnownFileType = sourcecode.swift; path = AuthStatusView.swift; sourceTree = "<group>"; };
		2BA295AF6DE33B0A7D091A90 /* PermissionsServiceTests.swift */ = {isa = PBXFileReference; lastKnownFileType = sourcecode.swift; path = PermissionsServiceTests.swift; sourceTree = "<group>"; };
		2D510F100EBE50A6555BDAF0 /* PortalURLTests.swift */ = {isa = PBXFileReference; lastKnownFileType = sourcecode.swift; path = PortalURLTests.swift; sourceTree = "<group>"; };
		30D6C928D2BD078E157F483E /* SidebarView.swift */ = {isa = PBXFileReference; lastKnownFileType = sourcecode.swift; path = SidebarView.swift; sourceTree = "<group>"; };
		4A475B3D5B517FA5B8694583 /* ResourceTypeMapper.swift */ = {isa = PBXFileReference; lastKnownFileType = sourcecode.swift; path = ResourceTypeMapper.swift; sourceTree = "<group>"; };
		50F61BC016078C182FF51F9E /* CachedToken.swift */ = {isa = PBXFileReference; lastKnownFileType = sourcecode.swift; path = CachedToken.swift; sourceTree = "<group>"; };
		5C6C326753BA4F59896FC3F0 /* PinnedResourceGroup.swift */ = {isa = PBXFileReference; lastKnownFileType = sourcecode.swift; path = PinnedResourceGroup.swift; sourceTree = "<group>"; };
		5D08408A31A6E3A6FE1E47B4 /* ShellRunner.swift */ = {isa = PBXFileReference; lastKnownFileType = sourcecode.swift; path = ShellRunner.swift; sourceTree = "<group>"; };
		6731858DD1D32E08A77EAE95 /* PortalURL.swift */ = {isa = PBXFileReference; lastKnownFileType = sourcecode.swift; path = PortalURL.swift; sourceTree = "<group>"; };
		6854D13A0CE8AD0D484EF09A /* ARMService.swift */ = {isa = PBXFileReference; lastKnownFileType = sourcecode.swift; path = ARMService.swift; sourceTree = "<group>"; };
		7B898338034B769CAAC01018 /* MenuBarView.swift */ = {isa = PBXFileReference; lastKnownFileType = sourcecode.swift; path = MenuBarView.swift; sourceTree = "<group>"; };
		81F848932D8993F17C471DD4 /* DetailView.swift */ = {isa = PBXFileReference; lastKnownFileType = sourcecode.swift; path = DetailView.swift; sourceTree = "<group>"; };
		86F4C4E49F70E10171868034 /* Info.plist */ = {isa = PBXFileReference; lastKnownFileType = text.plist; path = Info.plist; sourceTree = "<group>"; };
		8AB44490DD10AD83F9B88DED /* AzPinTests.xctest */ = {isa = PBXFileReference; explicitFileType = wrapper.cfbundle; includeInIndex = 0; path = AzPinTests.xctest; sourceTree = BUILT_PRODUCTS_DIR; };
		8DA3CB5A9CA3007EE68D384C /* MainAppView.swift */ = {isa = PBXFileReference; lastKnownFileType = sourcecode.swift; path = MainAppView.swift; sourceTree = "<group>"; };
		95A17A927064412FE45FD659 /* BrowseView.swift */ = {isa = PBXFileReference; lastKnownFileType = sourcecode.swift; path = BrowseView.swift; sourceTree = "<group>"; };
		9A8D86AEFEE3AE945152DBA0 /* SettingsView.swift */ = {isa = PBXFileReference; lastKnownFileType = sourcecode.swift; path = SettingsView.swift; sourceTree = "<group>"; };
		A6DC583ACFCA01D8BCDA18A5 /* PinnedResource.swift */ = {isa = PBXFileReference; lastKnownFileType = sourcecode.swift; path = PinnedResource.swift; sourceTree = "<group>"; };
		AC626AEC6A0AA2FFCF35A702 /* MockTokenCache.swift */ = {isa = PBXFileReference; lastKnownFileType = sourcecode.swift; path = MockTokenCache.swift; sourceTree = "<group>"; };
		AD5D9A244C8BAC2ACF211C44 /* Assets.xcassets */ = {isa = PBXFileReference; lastKnownFileType = folder.assetcatalog; path = Assets.xcassets; sourceTree = "<group>"; };
		B649902B6FD5BABE9801644B /* MockARMService.swift */ = {isa = PBXFileReference; lastKnownFileType = sourcecode.swift; path = MockARMService.swift; sourceTree = "<group>"; };
		B8115CDE899950C8DC296132 /* AzPin.app */ = {isa = PBXFileReference; explicitFileType = wrapper.application; includeInIndex = 0; path = AzPin.app; sourceTree = BUILT_PRODUCTS_DIR; };
		BCEC3AEAEE4E9B53F11E03BB /* MockPermissionsService.swift */ = {isa = PBXFileReference; lastKnownFileType = sourcecode.swift; path = MockPermissionsService.swift; sourceTree = "<group>"; };
		BDCEC25B9DA17F6F880C12FE /* AzureResource.swift */ = {isa = PBXFileReference; lastKnownFileType = sourcecode.swift; path = AzureResource.swift; sourceTree = "<group>"; };
		BF26866B352453B4921139C9 /* PermissionsService.swift */ = {isa = PBXFileReference; lastKnownFileType = sourcecode.swift; path = PermissionsService.swift; sourceTree = "<group>"; };
		C2508E5F1A6E181D1994D255 /* ResourceTypeMapperTests.swift */ = {isa = PBXFileReference; lastKnownFileType = sourcecode.swift; path = ResourceTypeMapperTests.swift; sourceTree = "<group>"; };
		E8F3ADAB904438A648F7311D /* ResourceGroupMenuItem.swift */ = {isa = PBXFileReference; lastKnownFileType = sourcecode.swift; path = ResourceGroupMenuItem.swift; sourceTree = "<group>"; };
		E998B1BDF6A1C58028E89DEC /* AzPin.entitlements */ = {isa = PBXFileReference; lastKnownFileType = text.plist.entitlements; path = AzPin.entitlements; sourceTree = "<group>"; };
/* End PBXFileReference section */

/* Begin PBXGroup section */
		221466AB4D0A6779E000D8FB /* Utilities */ = {
			isa = PBXGroup;
			children = (
				6731858DD1D32E08A77EAE95 /* PortalURL.swift */,
				4A475B3D5B517FA5B8694583 /* ResourceTypeMapper.swift */,
				5D08408A31A6E3A6FE1E47B4 /* ShellRunner.swift */,
			);
			path = Utilities;
			sourceTree = "<group>";
		};
		2AEA5CC76F02EE930968E6D2 /* Mocks */ = {
			isa = PBXGroup;
			children = (
				B649902B6FD5BABE9801644B /* MockARMService.swift */,
				0A896F79541BFB0543F4C266 /* MockAzCLIService.swift */,
				BCEC3AEAEE4E9B53F11E03BB /* MockPermissionsService.swift */,
				AC626AEC6A0AA2FFCF35A702 /* MockTokenCache.swift */,
			);
			path = Mocks;
			sourceTree = "<group>";
		};
		2D9818F76DC0C5F1290855B1 /* MenuBar */ = {
			isa = PBXGroup;
			children = (
				26EFC1364B9438E2377C1804 /* AuthStatusView.swift */,
				7B898338034B769CAAC01018 /* MenuBarView.swift */,
				E8F3ADAB904438A648F7311D /* ResourceGroupMenuItem.swift */,
				0FC71831934A6512DDC1D504 /* ResourceMenuItem.swift */,
			);
			path = MenuBar;
			sourceTree = "<group>";
		};
		2DC505B300584D7D406710CB /* Products */ = {
			isa = PBXGroup;
			children = (
				B8115CDE899950C8DC296132 /* AzPin.app */,
				8AB44490DD10AD83F9B88DED /* AzPinTests.xctest */,
			);
			name = Products;
			sourceTree = "<group>";
		};
		2E1131C921140D71B2060CE6 = {
			isa = PBXGroup;
			children = (
				49599871631DD43148626261 /* AzPin */,
				632D166EEFBECC3D2A9B2E99 /* AzPinTests */,
				2DC505B300584D7D406710CB /* Products */,
			);
			sourceTree = "<group>";
		};
		49599871631DD43148626261 /* AzPin */ = {
			isa = PBXGroup;
			children = (
				AD5D9A244C8BAC2ACF211C44 /* Assets.xcassets */,
				E998B1BDF6A1C58028E89DEC /* AzPin.entitlements */,
				225F8CD2530C2C29C776A7DE /* AzPinApp.swift */,
				86F4C4E49F70E10171868034 /* Info.plist */,
				9142F47EB4E007BDE7939C35 /* MainWindow */,
				2D9818F76DC0C5F1290855B1 /* MenuBar */,
				4F2006ECCD807E0D333C6CAC /* Models */,
				D93CD0BFC6CC22A44A7F1485 /* Services */,
				F7B1CBF520B3044025EF3F45 /* Settings */,
				221466AB4D0A6779E000D8FB /* Utilities */,
			);
			path = AzPin;
			sourceTree = "<group>";
		};
		4F2006ECCD807E0D333C6CAC /* Models */ = {
			isa = PBXGroup;
			children = (
				BDCEC25B9DA17F6F880C12FE /* AzureResource.swift */,
				50F61BC016078C182FF51F9E /* CachedToken.swift */,
				A6DC583ACFCA01D8BCDA18A5 /* PinnedResource.swift */,
				5C6C326753BA4F59896FC3F0 /* PinnedResourceGroup.swift */,
			);
			path = Models;
			sourceTree = "<group>";
		};
		632D166EEFBECC3D2A9B2E99 /* AzPinTests */ = {
			isa = PBXGroup;
			children = (
				22A8ED60A6214713CEDB9487 /* AzPinTests.swift */,
				2AEA5CC76F02EE930968E6D2 /* Mocks */,
				89913D2547B6A2C961F242AC /* Services */,
				A0A8A9EE97DC62C1FD24DA3E /* Utilities */,
			);
			path = AzPinTests;
			sourceTree = "<group>";
		};
		89913D2547B6A2C961F242AC /* Services */ = {
			isa = PBXGroup;
			children = (
				2BA295AF6DE33B0A7D091A90 /* PermissionsServiceTests.swift */,
				0D61F0AC53A68747C4CEEB9F /* TokenCacheTests.swift */,
			);
			path = Services;
			sourceTree = "<group>";
		};
		9142F47EB4E007BDE7939C35 /* MainWindow */ = {
			isa = PBXGroup;
			children = (
				95A17A927064412FE45FD659 /* BrowseView.swift */,
				81F848932D8993F17C471DD4 /* DetailView.swift */,
				8DA3CB5A9CA3007EE68D384C /* MainAppView.swift */,
				024B95E760522247E58D8861 /* PinnedResourcesView.swift */,
				30D6C928D2BD078E157F483E /* SidebarView.swift */,
			);
			path = MainWindow;
			sourceTree = "<group>";
		};
		A0A8A9EE97DC62C1FD24DA3E /* Utilities */ = {
			isa = PBXGroup;
			children = (
				2D510F100EBE50A6555BDAF0 /* PortalURLTests.swift */,
				C2508E5F1A6E181D1994D255 /* ResourceTypeMapperTests.swift */,
			);
			path = Utilities;
			sourceTree = "<group>";
		};
		D93CD0BFC6CC22A44A7F1485 /* Services */ = {
			isa = PBXGroup;
			children = (
				6854D13A0CE8AD0D484EF09A /* ARMService.swift */,
				058BC49418DF8FB7AE66C712 /* AzCLIService.swift */,
				BF26866B352453B4921139C9 /* PermissionsService.swift */,
				088B66AD957350D17525104B /* TokenCache.swift */,
			);
			path = Services;
			sourceTree = "<group>";
		};
		F7B1CBF520B3044025EF3F45 /* Settings */ = {
			isa = PBXGroup;
			children = (
				9A8D86AEFEE3AE945152DBA0 /* SettingsView.swift */,
			);
			path = Settings;
			sourceTree = "<group>";
		};
/* End PBXGroup section */

/* Begin PBXNativeTarget section */
		A313D17704F7EB78D4FAA572 /* AzPin */ = {
			isa = PBXNativeTarget;
			buildConfigurationList = E027856099715EE06993EACA /* Build configuration list for PBXNativeTarget "AzPin" */;
			buildPhases = (
				F56C123D94BAAB1C15950F7A /* Sources */,
				C08327F8C7C63BC4422702C5 /* Resources */,
			);
			buildRules = (
			);
			dependencies = (
			);
			name = AzPin;
			packageProductDependencies = (
			);
			productName = AzPin;
			productReference = B8115CDE899950C8DC296132 /* AzPin.app */;
			productType = "com.apple.product-type.application";
		};
		FDEB164C35D480E7497A2C90 /* AzPinTests */ = {
			isa = PBXNativeTarget;
			buildConfigurationList = 85CC3AFB24161E4AD620F132 /* Build configuration list for PBXNativeTarget "AzPinTests" */;
			buildPhases = (
				AFE746AEF8B50EB30281ACB0 /* Sources */,
			);
			buildRules = (
			);
			dependencies = (
				44935913DBE1211C111DA3C8 /* PBXTargetDependency */,
			);
			name = AzPinTests;
			packageProductDependencies = (
			);
			productName = AzPinTests;
			productReference = 8AB44490DD10AD83F9B88DED /* AzPinTests.xctest */;
			productType = "com.apple.product-type.bundle.unit-test";
		};
/* End PBXNativeTarget section */

/* Begin PBXProject section */
		2B5246F5263A0A351E06DBEF /* Project object */ = {
			isa = PBXProject;
			attributes = {
				BuildIndependentTargetsInParallel = YES;
				LastUpgradeCheck = 1430;
				TargetAttributes = {
				};
			};
			buildConfigurationList = F89F681EE0ED54E4A4332166 /* Build configuration list for PBXProject "AzPin" */;
			developmentRegion = en;
			hasScannedForEncodings = 0;
			knownRegions = (
				Base,
				en,
			);
			mainGroup = 2E1131C921140D71B2060CE6;
			minimizedProjectReferenceProxies = 1;
			preferredProjectObjectVersion = 77;
			productRefGroup = 2DC505B300584D7D406710CB /* Products */;
			projectDirPath = "";
			projectRoot = "";
			targets = (
				A313D17704F7EB78D4FAA572 /* AzPin */,
				FDEB164C35D480E7497A2C90 /* AzPinTests */,
			);
		};
/* End PBXProject section */

/* Begin PBXResourcesBuildPhase section */
		C08327F8C7C63BC4422702C5 /* Resources */ = {
			isa = PBXResourcesBuildPhase;
			buildActionMask = 2147483647;
			files = (
				78BF936822630ECC02850DC9 /* Assets.xcassets in Resources */,
			);
			runOnlyForDeploymentPostprocessing = 0;
		};
/* End PBXResourcesBuildPhase section */

/* Begin PBXSourcesBuildPhase section */
		AFE746AEF8B50EB30281ACB0 /* Sources */ = {
			isa = PBXSourcesBuildPhase;
			buildActionMask = 2147483647;
			files = (
				214BFADAD5A98DE52D2543C8 /* AzPinTests.swift in Sources */,
				E364F498D203021BBC0B8605 /* MockARMService.swift in Sources */,
				9157C2FF1876D43D747F723B /* MockAzCLIService.swift in Sources */,
				E5F7184F1CC8ECB7DAFB3DD1 /* MockPermissionsService.swift in Sources */,
				FE73A19C0AC1AF4252182242 /* MockTokenCache.swift in Sources */,
				E3FDC31D7D210F7CF321EE3E /* PermissionsServiceTests.swift in Sources */,
				667268007D262D627D8FAA09 /* PortalURLTests.swift in Sources */,
				40B9DAC5AB2675FE0C5B2BDB /* ResourceTypeMapperTests.swift in Sources */,
				A04872A8517A8D7BA4B2D483 /* TokenCacheTests.swift in Sources */,
			);
			runOnlyForDeploymentPostprocessing = 0;
		};
		F56C123D94BAAB1C15950F7A /* Sources */ = {
			isa = PBXSourcesBuildPhase;
			buildActionMask = 2147483647;
			files = (
				B9D1E168B195A6EA0524BE04 /* ARMService.swift in Sources */,
				AFDC16758EEEF76C3B3086F0 /* AuthStatusView.swift in Sources */,
				8DC948C831AF1A749F97E639 /* AzCLIService.swift in Sources */,
				9675ECBE1F2FFE0D8A78D45D /* AzPinApp.swift in Sources */,
				9C8A13FC10D9B28B82CE8999 /* AzureResource.swift in Sources */,
				4ECEBF54131A5E9FE1814A77 /* BrowseView.swift in Sources */,
				F07B5C236F2BA26B5967AF17 /* CachedToken.swift in Sources */,
				F1F3D6AE5F5419F03ED657E6 /* DetailView.swift in Sources */,
				AB24E4A399E436260BD3EEC8 /* MainAppView.swift in Sources */,
				19FB6AF81E5CE58F2B7027B2 /* MenuBarView.swift in Sources */,
				6743B79458E5306AD2AD8AC0 /* PermissionsService.swift in Sources */,
				4EBD72040775552FF96AAB70 /* PinnedResource.swift in Sources */,
				ED3C1CCF3B66FD3F2ACD5834 /* PinnedResourceGroup.swift in Sources */,
				DCE2DA265B6E84CDF09655F6 /* PinnedResourcesView.swift in Sources */,
				3BA43D87D2505A0A399E0110 /* PortalURL.swift in Sources */,
				4E78A725509BF848C35F7854 /* ResourceGroupMenuItem.swift in Sources */,
				885D4709D2990C1AF8B86D2E /* ResourceMenuItem.swift in Sources */,
				ED92C557C42724A321EBF964 /* ResourceTypeMapper.swift in Sources */,
				FBB406BC6A7823B4DE7AF4F3 /* SettingsView.swift in Sources */,
				AAE055A87A8056B36960A004 /* ShellRunner.swift in Sources */,
				89CF8F2CF4F4E9E5B2B50702 /* SidebarView.swift in Sources */,
				53A393D9DA775938DD6761C4 /* TokenCache.swift in Sources */,
			);
			runOnlyForDeploymentPostprocessing = 0;
		};
/* End PBXSourcesBuildPhase section */

/* Begin PBXTargetDependency section */
		44935913DBE1211C111DA3C8 /* PBXTargetDependency */ = {
			isa = PBXTargetDependency;
			target = A313D17704F7EB78D4FAA572 /* AzPin */;
			targetProxy = 6C88497CFDEFC08EB61E2E3D /* PBXContainerItemProxy */;
		};
/* End PBXTargetDependency section */

/* Begin XCBuildConfiguration section */
		3144EFDF0460163A25165E7C /* Debug */ = {
			isa = XCBuildConfiguration;
			buildSettings = {
				BUNDLE_LOADER = "$(TEST_HOST)";
				COMBINE_HIDPI_IMAGES = YES;
				LD_RUNPATH_SEARCH_PATHS = (
					"$(inherited)",
					"@executable_path/../Frameworks",
					"@loader_path/../Frameworks",
				);
				MACOSX_DEPLOYMENT_TARGET = 26.0;
				PRODUCT_BUNDLE_IDENTIFIER = com.lfmundim.azpin.tests;
				SDKROOT = macosx;
				TEST_HOST = "$(BUILT_PRODUCTS_DIR)/AzPin.app/Contents/MacOS/AzPin";
			};
			name = Debug;
		};
		9E8C982903801411E0473FA2 /* Release */ = {
			isa = XCBuildConfiguration;
			buildSettings = {
				ALWAYS_SEARCH_USER_PATHS = NO;
				CLANG_ANALYZER_NONNULL = YES;
				CLANG_ANALYZER_NUMBER_OBJECT_CONVERSION = YES_AGGRESSIVE;
				CLANG_CXX_LANGUAGE_STANDARD = "gnu++14";
				CLANG_CXX_LIBRARY = "libc++";
				CLANG_ENABLE_MODULES = YES;
				CLANG_ENABLE_OBJC_ARC = YES;
				CLANG_ENABLE_OBJC_WEAK = YES;
				CLANG_WARN_BLOCK_CAPTURE_AUTORELEASING = YES;
				CLANG_WARN_BOOL_CONVERSION = YES;
				CLANG_WARN_COMMA = YES;
				CLANG_WARN_CONSTANT_CONVERSION = YES;
				CLANG_WARN_DEPRECATED_OBJC_IMPLEMENTATIONS = YES;
				CLANG_WARN_DIRECT_OBJC_ISA_USAGE = YES_ERROR;
				CLANG_WARN_DOCUMENTATION_COMMENTS = YES;
				CLANG_WARN_EMPTY_BODY = YES;
				CLANG_WARN_ENUM_CONVERSION = YES;
				CLANG_WARN_INFINITE_RECURSION = YES;
				CLANG_WARN_INT_CONVERSION = YES;
				CLANG_WARN_NON_LITERAL_NULL_CONVERSION = YES;
				CLANG_WARN_OBJC_IMPLICIT_RETAIN_SELF = YES;
				CLANG_WARN_OBJC_LITERAL_CONVERSION = YES;
				CLANG_WARN_OBJC_ROOT_CLASS = YES_ERROR;
				CLANG_WARN_QUOTED_INCLUDE_IN_FRAMEWORK_HEADER = YES;
				CLANG_WARN_RANGE_LOOP_ANALYSIS = YES;
				CLANG_WARN_STRICT_PROTOTYPES = YES;
				CLANG_WARN_SUSPICIOUS_MOVE = YES;
				CLANG_WARN_UNGUARDED_AVAILABILITY = YES_AGGRESSIVE;
				CLANG_WARN_UNREACHABLE_CODE = YES;
				CLANG_WARN__DUPLICATE_METHOD_MATCH = YES;
				COPY_PHASE_STRIP = NO;
				DEBUG_INFORMATION_FORMAT = "dwarf-with-dsym";
				ENABLE_HARDENED_RUNTIME = YES;
				ENABLE_NS_ASSERTIONS = NO;
				ENABLE_STRICT_OBJC_MSGSEND = YES;
				GCC_C_LANGUAGE_STANDARD = gnu11;
				GCC_NO_COMMON_BLOCKS = YES;
				GCC_WARN_64_TO_32_BIT_CONVERSION = YES;
				GCC_WARN_ABOUT_RETURN_TYPE = YES_ERROR;
				GCC_WARN_UNDECLARED_SELECTOR = YES;
				GCC_WARN_UNINITIALIZED_AUTOS = YES_AGGRESSIVE;
				GCC_WARN_UNUSED_FUNCTION = YES;
				GCC_WARN_UNUSED_VARIABLE = YES;
				MACOSX_DEPLOYMENT_TARGET = 26.0;
				MTL_ENABLE_DEBUG_INFO = NO;
				MTL_FAST_MATH = YES;
				PRODUCT_NAME = "$(TARGET_NAME)";
				SDKROOT = macosx;
				SWIFT_COMPILATION_MODE = wholemodule;
				SWIFT_OPTIMIZATION_LEVEL = "-O";
				SWIFT_VERSION = 6.0;
			};
			name = Release;
		};
		A676EA4E77E162D9A138A1DE /* Debug */ = {
			isa = XCBuildConfiguration;
			buildSettings = {
				ASSETCATALOG_COMPILER_APPICON_NAME = AppIcon;
				CODE_SIGN_ENTITLEMENTS = AzPin/AzPin.entitlements;
				COMBINE_HIDPI_IMAGES = YES;
				INFOPLIST_FILE = AzPin/Info.plist;
				LD_RUNPATH_SEARCH_PATHS = (
					"$(inherited)",
					"@executable_path/../Frameworks",
				);
				MACOSX_DEPLOYMENT_TARGET = 26.0;
				PRODUCT_BUNDLE_IDENTIFIER = com.lfmundim.azpin;
				SDKROOT = macosx;
			};
			name = Debug;
		};
		A85C33EA7B12B9F3D5CD8A15 /* Debug */ = {
			isa = XCBuildConfiguration;
			buildSettings = {
				ALWAYS_SEARCH_USER_PATHS = NO;
				CLANG_ANALYZER_NONNULL = YES;
				CLANG_ANALYZER_NUMBER_OBJECT_CONVERSION = YES_AGGRESSIVE;
				CLANG_CXX_LANGUAGE_STANDARD = "gnu++14";
				CLANG_CXX_LIBRARY = "libc++";
				CLANG_ENABLE_MODULES = YES;
				CLANG_ENABLE_OBJC_ARC = YES;
				CLANG_ENABLE_OBJC_WEAK = YES;
				CLANG_WARN_BLOCK_CAPTURE_AUTORELEASING = YES;
				CLANG_WARN_BOOL_CONVERSION = YES;
				CLANG_WARN_COMMA = YES;
				CLANG_WARN_CONSTANT_CONVERSION = YES;
				CLANG_WARN_DEPRECATED_OBJC_IMPLEMENTATIONS = YES;
				CLANG_WARN_DIRECT_OBJC_ISA_USAGE = YES_ERROR;
				CLANG_WARN_DOCUMENTATION_COMMENTS = YES;
				CLANG_WARN_EMPTY_BODY = YES;
				CLANG_WARN_ENUM_CONVERSION = YES;
				CLANG_WARN_INFINITE_RECURSION = YES;
				CLANG_WARN_INT_CONVERSION = YES;
				CLANG_WARN_NON_LITERAL_NULL_CONVERSION = YES;
				CLANG_WARN_OBJC_IMPLICIT_RETAIN_SELF = YES;
				CLANG_WARN_OBJC_LITERAL_CONVERSION = YES;
				CLANG_WARN_OBJC_ROOT_CLASS = YES_ERROR;
				CLANG_WARN_QUOTED_INCLUDE_IN_FRAMEWORK_HEADER = YES;
				CLANG_WARN_RANGE_LOOP_ANALYSIS = YES;
				CLANG_WARN_STRICT_PROTOTYPES = YES;
				CLANG_WARN_SUSPICIOUS_MOVE = YES;
				CLANG_WARN_UNGUARDED_AVAILABILITY = YES_AGGRESSIVE;
				CLANG_WARN_UNREACHABLE_CODE = YES;
				CLANG_WARN__DUPLICATE_METHOD_MATCH = YES;
				COPY_PHASE_STRIP = NO;
				DEBUG_INFORMATION_FORMAT = dwarf;
				ENABLE_HARDENED_RUNTIME = YES;
				ENABLE_STRICT_OBJC_MSGSEND = YES;
				ENABLE_TESTABILITY = YES;
				GCC_C_LANGUAGE_STANDARD = gnu11;
				GCC_DYNAMIC_NO_PIC = NO;
				GCC_NO_COMMON_BLOCKS = YES;
				GCC_OPTIMIZATION_LEVEL = 0;
				GCC_PREPROCESSOR_DEFINITIONS = (
					"$(inherited)",
					"DEBUG=1",
				);
				GCC_WARN_64_TO_32_BIT_CONVERSION = YES;
				GCC_WARN_ABOUT_RETURN_TYPE = YES_ERROR;
				GCC_WARN_UNDECLARED_SELECTOR = YES;
				GCC_WARN_UNINITIALIZED_AUTOS = YES_AGGRESSIVE;
				GCC_WARN_UNUSED_FUNCTION = YES;
				GCC_WARN_UNUSED_VARIABLE = YES;
				MACOSX_DEPLOYMENT_TARGET = 26.0;
				MTL_ENABLE_DEBUG_INFO = INCLUDE_SOURCE;
				MTL_FAST_MATH = YES;
				ONLY_ACTIVE_ARCH = YES;
				PRODUCT_NAME = "$(TARGET_NAME)";
				SDKROOT = macosx;
				SWIFT_ACTIVE_COMPILATION_CONDITIONS = DEBUG;
				SWIFT_OPTIMIZATION_LEVEL = "-Onone";
				SWIFT_VERSION = 6.0;
			};
			name = Debug;
		};
		B3EAE5B7CA6FC7CC00013489 /* Release */ = {
			isa = XCBuildConfiguration;
			buildSettings = {
				BUNDLE_LOADER = "$(TEST_HOST)";
				COMBINE_HIDPI_IMAGES = YES;
				LD_RUNPATH_SEARCH_PATHS = (
					"$(inherited)",
					"@executable_path/../Frameworks",
					"@loader_path/../Frameworks",
				);
				MACOSX_DEPLOYMENT_TARGET = 26.0;
				PRODUCT_BUNDLE_IDENTIFIER = com.lfmundim.azpin.tests;
				SDKROOT = macosx;
				TEST_HOST = "$(BUILT_PRODUCTS_DIR)/AzPin.app/Contents/MacOS/AzPin";
			};
			name = Release;
		};
		EF7A61B2ACB45BDABA1C7AF1 /* Release */ = {
			isa = XCBuildConfiguration;
			buildSettings = {
				ASSETCATALOG_COMPILER_APPICON_NAME = AppIcon;
				CODE_SIGN_ENTITLEMENTS = AzPin/AzPin.entitlements;
				COMBINE_HIDPI_IMAGES = YES;
				INFOPLIST_FILE = AzPin/Info.plist;
				LD_RUNPATH_SEARCH_PATHS = (
					"$(inherited)",
					"@executable_path/../Frameworks",
				);
				MACOSX_DEPLOYMENT_TARGET = 26.0;
				PRODUCT_BUNDLE_IDENTIFIER = com.lfmundim.azpin;
				SDKROOT = macosx;
			};
			name = Release;
		};
/* End XCBuildConfiguration section */

/* Begin XCConfigurationList section */
		85CC3AFB24161E4AD620F132 /* Build configuration list for PBXNativeTarget "AzPinTests" */ = {
			isa = XCConfigurationList;
			buildConfigurations = (
				3144EFDF0460163A25165E7C /* Debug */,
				B3EAE5B7CA6FC7CC00013489 /* Release */,
			);
			defaultConfigurationIsVisible = 0;
			defaultConfigurationName = Debug;
		};
		E027856099715EE06993EACA /* Build configuration list for PBXNativeTarget "AzPin" */ = {
			isa = XCConfigurationList;
			buildConfigurations = (
				A676EA4E77E162D9A138A1DE /* Debug */,
				EF7A61B2ACB45BDABA1C7AF1 /* Release */,
			);
			defaultConfigurationIsVisible = 0;
			defaultConfigurationName = Debug;
		};
		F89F681EE0ED54E4A4332166 /* Build configuration list for PBXProject "AzPin" */ = {
			isa = XCConfigurationList;
			buildConfigurations = (
				A85C33EA7B12B9F3D5CD8A15 /* Debug */,
				9E8C982903801411E0473FA2 /* Release */,
			);
			defaultConfigurationIsVisible = 0;
			defaultConfigurationName = Debug;
		};
/* End XCConfigurationList section */
	};
	rootObject = 2B5246F5263A0A351E06DBEF /* Project object */;
}
